{"version":4,"terraform_version":"1.12.6","serial":1,"lineage":"9125fd46-fa5e-1e3e-15ab-33f0821c12fa","outputs":{"admin_nfs_id":{"value":{"admin-test02":"ce801f28-9342-4e9f-bb68-cc46b51c00d5"},"type":["object",{"admin-test02":"string"}]},"admin_nfs_ip":{"value":{"admin-test02":""},"type":["object",{"admin-test02":"string"}]},"backend_ip":{"value":{"01":""},"type":["object",{"01":"string"}]},"backend_lb_dns":{"value":"example-dev-backend-lb-test02.lb.cloudcore.local","type":"string"},"frontend_ip":{"value":{"01":""},"type":["object",{"01":"string"}]},"frontend_lb_dns":{"value":"example-dev-frontend-lb-test02.lb.cloudcore.local","type":"string"},"keystone_ip":{"value":{"01":""},"type":["object",{"01":"string"}]},"mysql_ip":{"value":{"01":""},"type":["object",{"01":"string"}]},"rabbitmq_ip":{"value":{"01":""},"type":["object",{"01":"string"}]},"vpc_id":{"value":"2f705e56-f662-49c0-977c-1fd441afbcc3","type":"string"}},"resources":[{"module":"module.admin_nfs","mode":"managed","type":"cloudcore_nfs_server","name":"this","provider":"provider[\"registry.opentofu.org/cloudcore/cloudcore\"]","instances":[{"index_key":"admin-test02","schema_version":0,"attributes":{"disk_gb":50,"flavor":"standard.medium","id":"ce801f28-9342-4e9f-bb68-cc46b51c00d5","name":"example-dev-admin-test02","private_ip":"","shares":[{"clients":"vpc","name":"config","path":""},{"clients":"vpc","name":"data","path":""}],"status":"pending","tags":{"Environment":"dev","ManagedBy":"opentofu","Name":"example-dev-admin-test02","Owner":"platform-team","Project":"example"},"vpc_id":"2f705e56-f662-49c0-977c-1fd441afbcc3"},"sensitive_attributes":[],"dependencies":["module.vpc.cloudcore_vpc.this"]}]},{"module":"module.backend","mode":"managed","type":"cloudcore_instance","name":"this","provider":"provider[\"registry.opentofu.org/cloudcore/cloudcore\"]","instances":[{"index_key":"01","schema_version":0,"attributes":{"created_at":"2026-08-30T15:43:02.042032+00:00","flavor":"standard.medium","id":"39f4284d-3ba5-478d-81c1-87cddd2610dd","image_id":"ubuntu-22.04","name":"example-dev-backend-test02-01","private_ip":"","public_ip":"","security_group_ids":["4ec4be81-554e-4188-b6af-9aa4917d6348"],"status":"pending","subnet_id":"subnet-example-dev-private-test02","tags":{"Environment":"dev","InstanceGroup":"backend-test02","ManagedBy":"opentofu","Name":"example-dev-backend-test02-01","Owner":"platform-team","Project":"example","Role":"backend"},"user_data":null,"vpc_id":"2f705e56-f662-49c0-977c-1fd441afbcc3"},"sensitive_attributes":[[{"type":"get_attr","value":"user_data"}]],"dependencies":["module.security_groups.cloudcore_security_group.this","module.vpc.cloudcore_vpc.this"]}]},{"module":"module.frontend","mode":"managed","type":"cloudcore_instance","name":"this","provider":"provider[\"registry.opentofu.org/cloudcore/cloudcore\"]","instances":[{"index_key":"01","schema_version":0,"attributes":{"created_at":"2026-08-30T15:43:02.132819+00:00","flavor":"standard.small","id":"d54ec8af-3e68-4e0e-b3c8-f5e3df813be8","image_id":"ubuntu-22.04","name":"example-dev-frontend-test02-01","private_ip":"","public_ip":"","security_group_ids":["ba3570da-1d88-4a83-b848-ba2dbdc40a2b"],"status":"pending","subnet_id":"subnet-example-dev-public-test02","tags":{"Environment":"dev","InstanceGroup":"frontend-test02","ManagedBy":"opentofu","Name":"example-dev-frontend-test02-01","Owner":"platform-team","Project":"example","Role":"frontend"},"user_data":null,"vpc_id":"2f705e56-f662-49c0-977c-1fd441afbcc3"},"sensitive_attributes":[[{"type":"get_attr","value":"user_data"}]],"dependencies":["module.security_groups.cloudcore_security_group.this","module.vpc.cloudcore_vpc.this"]}]},{"module":"module.keystone","mode":"managed","type":"cloudcore_instance","name":"this","provider":"provider[\"registry.opentofu.org/cloudcore/cloudcore\"]","instances":[{"index_key":"01","schema_version":0,"attributes":{"created_at":"2026-08-30T15:43:02.071193+00:00","flavor":"standard.medium","id":"e96aac51-3c76-4f30-8b4e-a2ac28fc4d29","image_id":"ubuntu-22.04","name":"example-dev-keystone-test02-01","private_ip":"","public_ip":"","security_group_ids":["d5ce3cd6-820e-471a-90d2-24780fb85ce8"],"status":"pending","subnet_id":"subnet-example-dev-private-test02","tags":{"Environment":"dev","InstanceGroup":"keystone-test02","ManagedBy":"opentofu","Name":"example-dev-keystone-test02-01","Owner":"platform-team","Project":"example","Role":"keystone"},"user_data":null,"vpc_id":"2f705e56-f662-49c0-977c-1fd441afbcc3"},"sensitive_attributes":[[{"type":"get_attr","value":"user_data"}]],"dependencies":["module.security_groups.cloudcore_security_group.this","module.vpc.cloudcore_vpc.this"]}]},{"module":"module.lb","mode":"managed","type":"cloudcore_load_balancer","name":"this","provider":"provider[\"registry.opentofu.org/cloudcore/cloudcore\"]","instances":[{"index_key":"backend-lb-test02","schema_version":0,"attributes":{"created_at":"2026-08-30T15:43:01.848517+00:00","dns_name":"example-dev-backend-lb-test02.lb.cloudcore.local","id":"b8547e0d-ad39-472c-8270-6e2266dcf00e","internal":true,"name":"example-dev-backend-lb-test02","status":"active","subnet_ids":["subnet-example-dev-private-test02"],"tags":{"Environment":"dev","ManagedBy":"opentofu","Name":"example-dev-backend-lb-test02","Owner":"platform-team","Project":"example"},"type":"network","vpc_id":"2f705e56-f662-49c0-977c-1fd441afbcc3"},"sensitive_attributes":[],"dependencies":["module.vpc.cloudcore_vpc.this"]},{"index_key":"frontend-lb-test02","schema_version":0,"attributes":{"created_at":"2026-08-30T15:43:01.856650+00:00","dns_name":"example-dev-frontend-lb-test02.lb.cloudcore.local","id":"fd3259e3-dede-4595-b789-8a25efdff801","internal":false,"name":"example-dev-frontend-lb-test02","status":"active","subnet_ids":["subnet-example-dev-public-test02"],"tags":{"Environment":"dev","ManagedBy":"opentofu","Name":"example-dev-frontend-lb-test02","Owner":"platform-team","Project":"example"},"type":"application","vpc_id":"2f705e56-f662-49c0-977c-1fd441afbcc3"},"sensitive_attributes":[],"dependencies":["module.vpc.cloudcore_vpc.this"]}]},{"module":"module.mysql","mode":"managed","type":"cloudcore_instance","name":"this","provider":"provider[\"registry.opentofu.org/cloudcore/cloudcore\"]","instances":[{"index_key":"01","schema_version":0,"attributes":{"created_at":"2026-08-30T15:43:02.034212+00:00","flavor":"standard.medium","id":"55436581-5b51-4b10-93a5-87cc35203ab9","image_id":"ubuntu-22.04","name":"example-dev-mysql-test02-01","private_ip":"","public_ip":"","security_group_ids":["94ed2ba2-f9ab-460e-84d4-5a4e14bc713d"],"status":"pending","subnet_id":"subnet-example-dev-private-test02","tags":{"Environment":"dev","InstanceGroup":"mysql-test02","ManagedBy":"opentofu","Name":"example-dev-mysql-test02-01","Owner":"platform-team","Project":"example","Role":"mysql"},"user_data":null,"vpc_id":"2f705e56-f662-49c0-977c-1fd441afbcc3"},"sensitive_attributes":[[{"type":"get_attr","value":"user_data"}]],"dependencies":["module.security_groups.cloudcore_security_group.this","module.vpc.cloudcore_vpc.this"]}]},{"module":"module.rabbitmq","mode":"managed","type":"cloudcore_instance","name":"this","provider":"provider[\"registry.opentofu.org/cloudcore/cloudcore\"]","instances":[{"index_key":"01","schema_version":0,"attributes":{"created_at":"2026-08-30T15:43:02.137312+00:00","flavor":"standard.medium","id":"d4d7ffd6-3600-4cca-ab90-196200379ff0","image_id":"ubuntu-22.04","name":"example-dev-rabbitmq-test02-01","private_ip":"","public_ip":"","security_group_ids":["94ed2ba2-f9ab-460e-84d4-5a4e14bc713d"],"status":"pending","subnet_id":"subnet-example-dev-private-test02","tags":{"Environment":"dev","InstanceGroup":"rabbitmq-test02","ManagedBy":"opentofu","Name":"example-dev-rabbitmq-test02-01","Owner":"platform-team","Project":"example","Role":"rabbitmq"},"user_data":null,"vpc_id":"2f705e56-f662-49c0-977c-1fd441afbcc3"},"sensitive_attributes":[[{"type":"get_attr","value":"user_data"}]],"dependencies":["module.security_groups.cloudcore_security_group.this","module.vpc.cloudcore_vpc.this"]}]},{"module":"module.security_groups","mode":"managed","type":"cloudcore_security_group","name":"this","provider":"provider[\"registry.opentofu.org/cloudcore/cloudcore\"]","instances":[{"index_key":"backend-test02","schema_version":0,"attributes":{"created_at":"2026-08-30T15:43:01.928317+00:00","description":"Backend services — internal only","egress_rules":[{"cidr":"0.0.0.0/0","description":"","from_port":null,"protocol":"-1","to_port":null}],"id":"4ec4be81-554e-4188-b6af-9aa4917d6348","ingress_rules":[{"cidr":"10.10.0.0/16","description":"","from_port":8080,"protocol":"tcp","to_port":8080},{"cidr":"10.10.0.0/16","description":"","from_port":22,"protocol":"tcp","to_port":22}],"name":"example-dev-backend-test02","status":"active","tags":{"Environment":"dev","ManagedBy":"opentofu","Name":"example-dev-backend-test02","Owner":"platform-team","Project":"example"},"vpc_id":"2f705e56-f662-49c0-977c-1fd441afbcc3"},"sensitive_attributes":[],"dependencies":["module.vpc.cloudcore_vpc.this"]},{"index_key":"data-test02","schema_version":0,"attributes":{"created_at":"2026-08-30T15:43:01.949101+00:00","description":"Data tier — MySQL, RabbitMQ, NFS","egress_rules":[{"cidr":"0.0.0.0/0","description":"","from_port":null,"protocol":"-1","to_port":null}],"id":"94ed2ba2-f9ab-460e-84d4-5a4e14bc713d","ingress_rules":[{"cidr":"10.10.0.0/16","description":"","from_port":5672,"protocol":"tcp","to_port":5672},{"cidr":"10.10.0.0/16","description":"","from_port":3306,"protocol":"tcp","to_port":3306},{"cidr":"10.10.0.0/16","description":"","from_port":2049,"protocol":"tcp","to_port":2049},{"cidr":"10.10.0.0/16","description":"","from_port":22,"protocol":"tcp","to_port":22}],"name":"example-dev-data-test02","status":"active","tags":{"Environment":"dev","ManagedBy":"opentofu","Name":"example-dev-data-test02","Owner":"platform-team","Project":"example"},"vpc_id":"2f705e56-f662-49c0-977c-1fd441afbcc3"},"sensitive_attributes":[],"dependencies":["module.vpc.cloudcore_vpc.this"]},{"index_key":"frontend-test02","schema_version":0,"attributes":{"created_at":"2026-08-30T15:43:01.963817+00:00","description":"Frontend — HTTP public + SSH","egress_rules":[{"cidr":"0.0.0.0/0","description":"","from_port":null,"protocol":"-1","to_port":null}],"id":"ba3570da-1d88-4a83-b848-ba2dbdc40a2b","ingress_rules":[{"cidr":"0.0.0.0/0","description":"","from_port":80,"protocol":"tcp","to_port":80},{"cidr":"0.0.0.0/0","description":"","from_port":22,"protocol":"tcp","to_port":22}],"name":"example-dev-frontend-test02","status":"active","tags":{"Environment":"dev","ManagedBy":"opentofu","Name":"example-dev-frontend-test02","Owner":"platform-team","Project":"example"},"vpc_id":"2f705e56-f662-49c0-977c-1fd441afbcc3"},"sensitive_attributes":[],"dependencies":["module.vpc.cloudcore_vpc.this"]},{"index_key":"identity-test02","schema_version":0,"attributes":{"created_at":"2026-08-30T15:43:01.934395+00:00","description":"Keystone identity service","egress_rules":[{"cidr":"0.0.0.0/0","description":"","from_port":null,"protocol":"-1","to_port":null}],"id":"d5ce3cd6-820e-471a-90d2-24780fb85ce8","ingress_rules":[{"cidr":"10.10.0.0/16","description":"","from_port":35357,"protocol":"tcp","to_port":35357},{"cidr":"10.10.0.0/16","description":"","from_port":5000,"protocol":"tcp","to_port":5000},{"cidr":"10.10.0.0/16","description":"","from_port":22,"protocol":"tcp","to_port":22}],"name":"example-dev-identity-test02","status":"active","tags":{"Environment":"dev","ManagedBy":"opentofu","Name":"example-dev-identity-test02","Owner":"platform-team","Project":"example"},"vpc_id":"2f705e56-f662-49c0-977c-1fd441afbcc3"},"sensitive_attributes":[],"dependencies":["module.vpc.cloudcore_vpc.this"]}]},{"module":"module.vpc","mode":"managed","type":"cloudcore_vpc","name":"this","provider":"provider[\"registry.opentofu.org/cloudcore/cloudcore\"]","instances":[{"index_key":"main-test02","schema_version":0,"attributes":{"cidr_block":"10.10.0.0/16","created_at":"2026-08-30T15:43:01.789237+00:00","dns_support":true,"id":"2f705e56-f662-49c0-977c-1fd441afbcc3","name":"example-dev-main-test02","status":"active","tags":{"Environment":"dev","ManagedBy":"opentofu","Name":"example-dev-main-test02","Owner":"platform-team","Project":"example"}},"sensitive_attributes":[]}]}],"check_results":null}
