{"version":4,"terraform_version":"1.12.6","serial":1,"lineage":"52b5a02b-9555-2295-9313-9e96c88ba7d2","outputs":{"admin_nfs_id":{"value":{"admin-test01":"9475dd3f-d3f0-4cb7-80aa-a652b88b8e3f"},"type":["object",{"admin-test01":"string"}]},"admin_nfs_ip":{"value":{"admin-test01":""},"type":["object",{"admin-test01":"string"}]},"backend_ip":{"value":{"01":""},"type":["object",{"01":"string"}]},"backend_lb_dns":{"value":"example-dev-backend-lb-test01.lb.cloudcore.local","type":"string"},"frontend_ip":{"value":{"01":""},"type":["object",{"01":"string"}]},"frontend_lb_dns":{"value":"example-dev-frontend-lb-test01.lb.cloudcore.local","type":"string"},"keystone_ip":{"value":{"01":""},"type":["object",{"01":"string"}]},"mysql_ip":{"value":{"01":""},"type":["object",{"01":"string"}]},"rabbitmq_ip":{"value":{"01":""},"type":["object",{"01":"string"}]},"vpc_id":{"value":"543a5a53-e65c-4083-a6f5-d4d6fa5862b4","type":"string"}},"resources":[{"module":"module.admin_nfs","mode":"managed","type":"cloudcore_nfs_server","name":"this","provider":"provider[\"registry.terraform.io/cloudcore/cloudcore\"]","instances":[{"index_key":"admin-test01","schema_version":0,"attributes":{"disk_gb":50,"flavor":"standard.medium","id":"9475dd3f-d3f0-4cb7-80aa-a652b88b8e3f","name":"example-dev-admin-test01","private_ip":"","shares":[{"clients":"vpc","name":"config","path":""},{"clients":"vpc","name":"data","path":""}],"status":"pending","tags":{"Environment":"dev","ManagedBy":"opentofu","Name":"example-dev-admin-test01","Owner":"platform-team","Project":"example"},"vpc_id":"543a5a53-e65c-4083-a6f5-d4d6fa5862b4"},"sensitive_attributes":[],"dependencies":["module.vpc.cloudcore_vpc.this"]}]},{"module":"module.backend","mode":"managed","type":"cloudcore_instance","name":"this","provider":"provider[\"registry.terraform.io/cloudcore/cloudcore\"]","instances":[{"index_key":"01","schema_version":0,"attributes":{"created_at":"2026-08-30T14:58:41.495403+00:00","flavor":"standard.medium","id":"2d9dd8d7-2e1f-418d-a7db-b9e783fe73b3","image_id":"ubuntu-22.04","name":"example-dev-backend-test01-01","private_ip":"","public_ip":"","security_group_ids":["b4a07a16-0792-4b04-b984-3b3cce7c087a"],"status":"pending","subnet_id":"subnet-example-dev-private-test01","tags":{"Environment":"dev","InstanceGroup":"backend-test01","ManagedBy":"opentofu","Name":"example-dev-backend-test01-01","Owner":"platform-team","Project":"example","Role":"backend"},"user_data":null,"vpc_id":"543a5a53-e65c-4083-a6f5-d4d6fa5862b4"},"sensitive_attributes":[[{"type":"get_attr","value":"user_data"}]],"dependencies":["module.security_groups.cloudcore_security_group.this","module.vpc.cloudcore_vpc.this"]}]},{"module":"module.frontend","mode":"managed","type":"cloudcore_instance","name":"this","provider":"provider[\"registry.terraform.io/cloudcore/cloudcore\"]","instances":[{"index_key":"01","schema_version":0,"attributes":{"created_at":"2026-08-30T14:58:41.414823+00:00","flavor":"standard.small","id":"f57b1ea8-22b0-486f-9d36-5617a9006a6a","image_id":"ubuntu-22.04","name":"example-dev-frontend-test01-01","private_ip":"","public_ip":"","security_group_ids":["bb365990-97fe-45d2-a312-c77ae2abdddf"],"status":"pending","subnet_id":"subnet-example-dev-public-test01","tags":{"Environment":"dev","InstanceGroup":"frontend-test01","ManagedBy":"opentofu","Name":"example-dev-frontend-test01-01","Owner":"platform-team","Project":"example","Role":"frontend"},"user_data":null,"vpc_id":"543a5a53-e65c-4083-a6f5-d4d6fa5862b4"},"sensitive_attributes":[[{"type":"get_attr","value":"user_data"}]],"dependencies":["module.security_groups.cloudcore_security_group.this","module.vpc.cloudcore_vpc.this"]}]},{"module":"module.keystone","mode":"managed","type":"cloudcore_instance","name":"this","provider":"provider[\"registry.terraform.io/cloudcore/cloudcore\"]","instances":[{"index_key":"01","schema_version":0,"attributes":{"created_at":"2026-08-30T14:58:41.480405+00:00","flavor":"standard.medium","id":"05fd12bb-1f0c-4ff0-b356-102ee74766b7","image_id":"ubuntu-22.04","name":"example-dev-keystone-test01-01","private_ip":"","public_ip":"","security_group_ids":["afde0f2e-869d-4adb-9d1d-8cf98e64533b"],"status":"pending","subnet_id":"subnet-example-dev-private-test01","tags":{"Environment":"dev","InstanceGroup":"keystone-test01","ManagedBy":"opentofu","Name":"example-dev-keystone-test01-01","Owner":"platform-team","Project":"example","Role":"keystone"},"user_data":null,"vpc_id":"543a5a53-e65c-4083-a6f5-d4d6fa5862b4"},"sensitive_attributes":[[{"type":"get_attr","value":"user_data"}]],"dependencies":["module.security_groups.cloudcore_security_group.this","module.vpc.cloudcore_vpc.this"]}]},{"module":"module.lb","mode":"managed","type":"cloudcore_load_balancer","name":"this","provider":"provider[\"registry.terraform.io/cloudcore/cloudcore\"]","instances":[{"index_key":"backend-lb-test01","schema_version":0,"attributes":{"created_at":"2026-08-30T14:58:41.184999+00:00","dns_name":"example-dev-backend-lb-test01.lb.cloudcore.local","id":"96009ce6-8c00-4db5-bb00-9ef87168f7fb","internal":true,"name":"example-dev-backend-lb-test01","status":"active","subnet_ids":["subnet-example-dev-private-test01"],"tags":{"Environment":"dev","ManagedBy":"opentofu","Name":"example-dev-backend-lb-test01","Owner":"platform-team","Project":"example"},"type":"network","vpc_id":"543a5a53-e65c-4083-a6f5-d4d6fa5862b4"},"sensitive_attributes":[],"dependencies":["module.vpc.cloudcore_vpc.this"]},{"index_key":"frontend-lb-test01","schema_version":0,"attributes":{"created_at":"2026-08-30T14:58:41.206549+00:00","dns_name":"example-dev-frontend-lb-test01.lb.cloudcore.local","id":"a566eace-8695-4bad-a4fa-a7fc7aced1e8","internal":false,"name":"example-dev-frontend-lb-test01","status":"active","subnet_ids":["subnet-example-dev-public-test01"],"tags":{"Environment":"dev","ManagedBy":"opentofu","Name":"example-dev-frontend-lb-test01","Owner":"platform-team","Project":"example"},"type":"application","vpc_id":"543a5a53-e65c-4083-a6f5-d4d6fa5862b4"},"sensitive_attributes":[],"dependencies":["module.vpc.cloudcore_vpc.this"]}]},{"module":"module.mysql","mode":"managed","type":"cloudcore_instance","name":"this","provider":"provider[\"registry.terraform.io/cloudcore/cloudcore\"]","instances":[{"index_key":"01","schema_version":0,"attributes":{"created_at":"2026-08-30T14:58:41.502582+00:00","flavor":"standard.medium","id":"076d7adc-09c9-4968-819a-79974118ba18","image_id":"ubuntu-22.04","name":"example-dev-mysql-test01-01","private_ip":"","public_ip":"","security_group_ids":["3bc244b3-03ed-4345-83f5-07e2db987af7"],"status":"pending","subnet_id":"subnet-example-dev-private-test01","tags":{"Environment":"dev","InstanceGroup":"mysql-test01","ManagedBy":"opentofu","Name":"example-dev-mysql-test01-01","Owner":"platform-team","Project":"example","Role":"mysql"},"user_data":null,"vpc_id":"543a5a53-e65c-4083-a6f5-d4d6fa5862b4"},"sensitive_attributes":[[{"type":"get_attr","value":"user_data"}]],"dependencies":["module.security_groups.cloudcore_security_group.this","module.vpc.cloudcore_vpc.this"]}]},{"module":"module.rabbitmq","mode":"managed","type":"cloudcore_instance","name":"this","provider":"provider[\"registry.terraform.io/cloudcore/cloudcore\"]","instances":[{"index_key":"01","schema_version":0,"attributes":{"created_at":"2026-08-30T14:58:41.498357+00:00","flavor":"standard.medium","id":"b3963ac2-8757-4dca-8719-c90dab395de3","image_id":"ubuntu-22.04","name":"example-dev-rabbitmq-test01-01","private_ip":"","public_ip":"","security_group_ids":["3bc244b3-03ed-4345-83f5-07e2db987af7"],"status":"pending","subnet_id":"subnet-example-dev-private-test01","tags":{"Environment":"dev","InstanceGroup":"rabbitmq-test01","ManagedBy":"opentofu","Name":"example-dev-rabbitmq-test01-01","Owner":"platform-team","Project":"example","Role":"rabbitmq"},"user_data":null,"vpc_id":"543a5a53-e65c-4083-a6f5-d4d6fa5862b4"},"sensitive_attributes":[[{"type":"get_attr","value":"user_data"}]],"dependencies":["module.security_groups.cloudcore_security_group.this","module.vpc.cloudcore_vpc.this"]}]},{"module":"module.security_groups","mode":"managed","type":"cloudcore_security_group","name":"this","provider":"provider[\"registry.terraform.io/cloudcore/cloudcore\"]","instances":[{"index_key":"backend-test01","schema_version":0,"attributes":{"created_at":"2026-08-30T14:58:41.271482+00:00","description":"Backend services — internal only","egress_rules":[{"cidr":"0.0.0.0/0","description":"","from_port":null,"protocol":"-1","to_port":null}],"id":"b4a07a16-0792-4b04-b984-3b3cce7c087a","ingress_rules":[{"cidr":"10.10.0.0/16","description":"","from_port":8080,"protocol":"tcp","to_port":8080},{"cidr":"10.10.0.0/16","description":"","from_port":22,"protocol":"tcp","to_port":22}],"name":"example-dev-backend-test01","status":"active","tags":{"Environment":"dev","ManagedBy":"opentofu","Name":"example-dev-backend-test01","Owner":"platform-team","Project":"example"},"vpc_id":"543a5a53-e65c-4083-a6f5-d4d6fa5862b4"},"sensitive_attributes":[],"dependencies":["module.vpc.cloudcore_vpc.this"]},{"index_key":"data-test01","schema_version":0,"attributes":{"created_at":"2026-08-30T14:58:41.329896+00:00","description":"Data tier — MySQL, RabbitMQ, NFS","egress_rules":[{"cidr":"0.0.0.0/0","description":"","from_port":null,"protocol":"-1","to_port":null}],"id":"3bc244b3-03ed-4345-83f5-07e2db987af7","ingress_rules":[{"cidr":"10.10.0.0/16","description":"","from_port":5672,"protocol":"tcp","to_port":5672},{"cidr":"10.10.0.0/16","description":"","from_port":3306,"protocol":"tcp","to_port":3306},{"cidr":"10.10.0.0/16","description":"","from_port":2049,"protocol":"tcp","to_port":2049},{"cidr":"10.10.0.0/16","description":"","from_port":22,"protocol":"tcp","to_port":22}],"name":"example-dev-data-test01","status":"active","tags":{"Environment":"dev","ManagedBy":"opentofu","Name":"example-dev-data-test01","Owner":"platform-team","Project":"example"},"vpc_id":"543a5a53-e65c-4083-a6f5-d4d6fa5862b4"},"sensitive_attributes":[],"dependencies":["module.vpc.cloudcore_vpc.this"]},{"index_key":"frontend-test01","schema_version":0,"attributes":{"created_at":"2026-08-30T14:58:41.261126+00:00","description":"Frontend — HTTP public + SSH","egress_rules":[{"cidr":"0.0.0.0/0","description":"","from_port":null,"protocol":"-1","to_port":null}],"id":"bb365990-97fe-45d2-a312-c77ae2abdddf","ingress_rules":[{"cidr":"0.0.0.0/0","description":"","from_port":80,"protocol":"tcp","to_port":80},{"cidr":"0.0.0.0/0","description":"","from_port":22,"protocol":"tcp","to_port":22}],"name":"example-dev-frontend-test01","status":"active","tags":{"Environment":"dev","ManagedBy":"opentofu","Name":"example-dev-frontend-test01","Owner":"platform-team","Project":"example"},"vpc_id":"543a5a53-e65c-4083-a6f5-d4d6fa5862b4"},"sensitive_attributes":[],"dependencies":["module.vpc.cloudcore_vpc.this"]},{"index_key":"identity-test01","schema_version":0,"attributes":{"created_at":"2026-08-30T14:58:41.286441+00:00","description":"Keystone identity service","egress_rules":[{"cidr":"0.0.0.0/0","description":"","from_port":null,"protocol":"-1","to_port":null}],"id":"afde0f2e-869d-4adb-9d1d-8cf98e64533b","ingress_rules":[{"cidr":"10.10.0.0/16","description":"","from_port":35357,"protocol":"tcp","to_port":35357},{"cidr":"10.10.0.0/16","description":"","from_port":5000,"protocol":"tcp","to_port":5000},{"cidr":"10.10.0.0/16","description":"","from_port":22,"protocol":"tcp","to_port":22}],"name":"example-dev-identity-test01","status":"active","tags":{"Environment":"dev","ManagedBy":"opentofu","Name":"example-dev-identity-test01","Owner":"platform-team","Project":"example"},"vpc_id":"543a5a53-e65c-4083-a6f5-d4d6fa5862b4"},"sensitive_attributes":[],"dependencies":["module.vpc.cloudcore_vpc.this"]}]},{"module":"module.vpc","mode":"managed","type":"cloudcore_vpc","name":"this","provider":"provider[\"registry.terraform.io/cloudcore/cloudcore\"]","instances":[{"index_key":"main-test01","schema_version":0,"attributes":{"cidr_block":"10.10.0.0/16","created_at":"2026-08-30T14:58:41.102780+00:00","dns_support":true,"id":"543a5a53-e65c-4083-a6f5-d4d6fa5862b4","name":"example-dev-main-test01","status":"active","tags":{"Environment":"dev","ManagedBy":"opentofu","Name":"example-dev-main-test01","Owner":"platform-team","Project":"example"}},"sensitive_attributes":[]}]}],"check_results":null}
