{
  "version": 4,
  "terraform_version": "1.12.6",
  "serial": 2,
  "lineage": "52b5a02b-9555-2295-9313-9e96c88ba7d2",
  "outputs": {},
  "resources": [
    {
      "module": "module.lb",
      "mode": "managed",
      "type": "cloudcore_load_balancer",
      "name": "this",
      "provider": "provider[\"registry.terraform.io/cloudcore/cloudcore\"]",
      "instances": [
        {
          "index_key": "backend-lb-test01",
          "schema_version": 0,
          "attributes": {
            "created_at": "2026-08-30T14:58:41.184999+00:00",
            "dns_name": "example-dev-backend-lb-test01.lb.cloudcore.local",
            "id": "96009ce6-8c00-4db5-bb00-9ef87168f7fb",
            "internal": true,
            "name": "example-dev-backend-lb-test01",
            "status": "active",
            "subnet_ids": [
              "subnet-example-dev-private-test01"
            ],
            "tags": {
              "Environment": "dev",
              "ManagedBy": "opentofu",
              "Name": "example-dev-backend-lb-test01",
              "Owner": "platform-team",
              "Project": "example"
            },
            "type": "network",
            "vpc_id": "543a5a53-e65c-4083-a6f5-d4d6fa5862b4"
          },
          "sensitive_attributes": [],
          "dependencies": [
            "module.vpc.cloudcore_vpc.this"
          ]
        }
      ]
    },
    {
      "module": "module.vpc",
      "mode": "managed",
      "type": "cloudcore_vpc",
      "name": "this",
      "provider": "provider[\"registry.terraform.io/cloudcore/cloudcore\"]",
      "instances": [
        {
          "index_key": "main-test01",
          "schema_version": 0,
          "attributes": {
            "cidr_block": "10.10.0.0/16",
            "created_at": "2026-08-30T14:58:41.102780+00:00",
            "dns_support": true,
            "id": "543a5a53-e65c-4083-a6f5-d4d6fa5862b4",
            "name": "example-dev-main-test01",
            "status": "active",
            "tags": {
              "Environment": "dev",
              "ManagedBy": "opentofu",
              "Name": "example-dev-main-test01",
              "Owner": "platform-team",
              "Project": "example"
            }
          },
          "sensitive_attributes": []
        }
      ]
    }
  ],
  "check_results": null
}

